
Microsoft Visual Studio Solution File, Format Version 12.00
# Visual Studio Version 17
VisualStudioVersion = 17.8.34330.188
MinimumVisualStudioVersion = 10.0.40219.1
Project("{FAE04EC0-301F-11D3-BF4B-00C04F79EFBC}") = "BookServiceApi", "BookServiceApi.csproj", "{2925E2E5-70DD-4F7A-907D-6B91CA3F0299}"
EndProject
Global
	GlobalSection(SolutionConfigurationPlatforms) = preSolution
		Debug|Any CPU = Debug|Any CPU
		Release|Any CPU = Release|Any CPU
	EndGlobalSection
	GlobalSection(ProjectConfigurationPlatforms) = postSolution
		{2925E2E5-70DD-4F7A-907D-6B91CA3F0299}.Debug|Any CPU.ActiveCfg = Debug|Any CPU
		{2925E2E5-70DD-4F7A-907D-6B91CA3F0299}.Debug|Any CPU.Build.0 = Debug|Any CPU
		{2925E2E5-70DD-4F7A-907D-6B91CA3F0299}.Release|Any CPU.ActiveCfg = Release|Any CPU
		{2925E2E5-70DD-4F7A-907D-6B91CA3F0299}.Release|Any CPU.Build.0 = Release|Any CPU
	EndGlobalSection
	GlobalSection(SolutionProperties) = preSolution
		HideSolutionNode = FALSE
	EndGlobalSection
	GlobalSection(ExtensibilityGlobals) = postSolution
		SolutionGuid = {5DBB779C-11F6-468B-B183-2FA13A74F153}
	EndGlobalSection
EndGlobal
